
Microsoft Visual Studio Solution File, Format Version 12.00
# Visual Studio Version 17
VisualStudioVersion = 17.9.34701.34
MinimumVisualStudioVersion = 10.0.40219.1
Project("{9A19103F-16F7-4668-BE54-9A1E7A4F7556}") = "GrpcServer", "GrpcServer\GrpcServer.csproj", "{DEE10CD2-1EC6-4609-AA1D-32689C9BBEF1}"
EndProject
Project("{9A19103F-16F7-4668-BE54-9A1E7A4F7556}") = "GrpcClient", "GrpcClient\GrpcClient.csproj", "{C9BD2220-BB44-4658-9D58-5EEDD1431B42}"
EndProject
Project("{9A19103F-16F7-4668-BE54-9A1E7A4F7556}") = "GrpcService.Tests", "GrpcService.Tests\GrpcService.Tests.csproj", "{8420C48A-3B95-4BA5-8BD8-1E54E55CBD8F}"
EndProject
Project("{FAE04EC0-301F-11D3-BF4B-00C04F79EFBC}") = "GrpcService.Client", "GrpcService.Client\GrpcService.Client.csproj", "{EF09D5F5-4BF4-4920-B5AD-65ABBE029815}"
EndProject
Global
	GlobalSection(SolutionConfigurationPlatforms) = preSolution
		Debug|Any CPU = Debug|Any CPU
		Release|Any CPU = Release|Any CPU
	EndGlobalSection
	GlobalSection(ProjectConfigurationPlatforms) = postSolution
		{DEE10CD2-1EC6-4609-AA1D-32689C9BBEF1}.Debug|Any CPU.ActiveCfg = Debug|Any CPU
		{DEE10CD2-1EC6-4609-AA1D-32689C9BBEF1}.Debug|Any CPU.Build.0 = Debug|Any CPU
		{DEE10CD2-1EC6-4609-AA1D-32689C9BBEF1}.Release|Any CPU.ActiveCfg = Release|Any CPU
		{DEE10CD2-1EC6-4609-AA1D-32689C9BBEF1}.Release|Any CPU.Build.0 = Release|Any CPU
		{C9BD2220-BB44-4658-9D58-5EEDD1431B42}.Debug|Any CPU.ActiveCfg = Debug|Any CPU
		{C9BD2220-BB44-4658-9D58-5EEDD1431B42}.Debug|Any CPU.Build.0 = Debug|Any CPU
		{C9BD2220-BB44-4658-9D58-5EEDD1431B42}.Release|Any CPU.ActiveCfg = Release|Any CPU
		{C9BD2220-BB44-4658-9D58-5EEDD1431B42}.Release|Any CPU.Build.0 = Release|Any CPU
		{8420C48A-3B95-4BA5-8BD8-1E54E55CBD8F}.Debug|Any CPU.ActiveCfg = Debug|Any CPU
		{8420C48A-3B95-4BA5-8BD8-1E54E55CBD8F}.Debug|Any CPU.Build.0 = Debug|Any CPU
		{8420C48A-3B95-4BA5-8BD8-1E54E55CBD8F}.Release|Any CPU.ActiveCfg = Release|Any CPU
		{8420C48A-3B95-4BA5-8BD8-1E54E55CBD8F}.Release|Any CPU.Build.0 = Release|Any CPU
		{EF09D5F5-4BF4-4920-B5AD-65ABBE029815}.Debug|Any CPU.ActiveCfg = Debug|Any CPU
		{EF09D5F5-4BF4-4920-B5AD-65ABBE029815}.Debug|Any CPU.Build.0 = Debug|Any CPU
		{EF09D5F5-4BF4-4920-B5AD-65ABBE029815}.Release|Any CPU.ActiveCfg = Release|Any CPU
		{EF09D5F5-4BF4-4920-B5AD-65ABBE029815}.Release|Any CPU.Build.0 = Release|Any CPU
	EndGlobalSection
	GlobalSection(SolutionProperties) = preSolution
		HideSolutionNode = FALSE
	EndGlobalSection
	GlobalSection(ExtensibilityGlobals) = postSolution
		SolutionGuid = {698A8574-9C1B-4283-8244-D105675507E5}
	EndGlobalSection
EndGlobal
